// !$*UTF8*$!
{
	archiveVersion = 1;
	classes = {
	};
	objectVersion = 46;
	objects = {

/* Begin PBXBuildFile section */
		A68B89C31B595F4D00ADC9FD /* AppDelegate.swift in Sources */ = {isa = PBXBuildFile; fileRef = A68B89C21B595F4D00ADC9FD /* AppDelegate.swift */; };
		A68B89C61B595F4E00ADC9FD /* Music.xcdatamodeld in Sources */ = {isa = PBXBuildFile; fileRef = A68B89C41B595F4E00ADC9FD /* Music.xcdatamodeld */; };
		A68B89C81B595F4E00ADC9FD /* ViewController.swift in Sources */ = {isa = PBXBuildFile; fileRef = A68B89C71B595F4E00ADC9FD /* ViewController.swift */; };
		A68B89CB1B595F4E00ADC9FD /* Main.storyboard in Resources */ = {isa = PBXBuildFile; fileRef = A68B89C91B595F4E00ADC9FD /* Main.storyboard */; };
		A68B89CD1B595F4E00ADC9FD /* Images.xcassets in Resources */ = {isa = PBXBuildFile; fileRef = A68B89CC1B595F4E00ADC9FD /* Images.xcassets */; };
		A68B89D01B595F4E00ADC9FD /* LaunchScreen.xib in Resources */ = {isa = PBXBuildFile; fileRef = A68B89CE1B595F4E00ADC9FD /* LaunchScreen.xib */; };
		A68B89DC1B595F4E00ADC9FD /* MusicTests.swift in Sources */ = {isa = PBXBuildFile; fileRef = A68B89DB1B595F4E00ADC9FD /* MusicTests.swift */; };
/* End PBXBuildFile section */

/* Begin PBXContainerItemProxy section */
		A68B89D61B595F4E00ADC9FD /* PBXContainerItemProxy */ = {
			isa = PBXContainerItemProxy;
			containerPortal = A68B89B51B595F4D00ADC9FD /* Project object */;
			proxyType = 1;
			remoteGlobalIDString = A68B89BC1B595F4D00ADC9FD;
			remoteInfo = Music;
		};
/* End PBXContainerItemProxy section */

/* Begin PBXFileReference section */
		A68B89BD1B595F4D00ADC9FD /* Music.app */ = {isa = PBXFileReference; explicitFileType = wrapper.application; includeInIndex = 0; path = Music.app; sourceTree = BUILT_PRODUCTS_DIR; };
		A68B89C11B595F4D00ADC9FD /* Info.plist */ = {isa = PBXFileReference; lastKnownFileType = text.plist.xml; path = Info.plist; sourceTree = "<group>"; };
		A68B89C21B595F4D00ADC9FD /* AppDelegate.swift */ = {isa = PBXFileReference; lastKnownFileType = sourcecode.swift; path = AppDelegate.swift; sourceTree = "<group>"; };
		A68B89C51B595F4E00ADC9FD /* Music.xcdatamodel */ = {isa = PBXFileReference; lastKnownFileType = wrapper.xcdatamodel; path = Music.xcdatamodel; sourceTree = "<group>"; };
		A68B89C71B595F4E00ADC9FD /* ViewController.swift */ = {isa = PBXFileReference; lastKnownFileType = sourcecode.swift; path = ViewController.swift; sourceTree = "<group>"; };
		A68B89CA1B595F4E00ADC9FD /* Base */ = {isa = PBXFileReference; lastKnownFileType = file.storyboard; name = Base; path = Base.lproj/Main.storyboard; sourceTree = "<group>"; };
		A68B89CC1B595F4E00ADC9FD /* Images.xcassets */ = {isa = PBXFileReference; lastKnownFileType = folder.assetcatalog; path = Images.xcassets; sourceTree = "<group>"; };
		A68B89CF1B595F4E00ADC9FD /* Base */ = {isa = PBXFileReference; lastKnownFileType = file.xib; name = Base; path = Base.lproj/LaunchScreen.xib; sourceTree = "<group>"; };
		A68B89D51B595F4E00ADC9FD /* MusicTests.xctest */ = {isa = PBXFileReference; explicitFileType = wrapper.cfbundle; includeInIndex = 0; path = MusicTests.xctest; sourceTree = BUILT_PRODUCTS_DIR; };
		A68B89DA1B595F4E00ADC9FD /* Info.plist */ = {isa = PBXFileReference; lastKnownFileType = text.plist.xml; path = Info.plist; sourceTree = "<group>"; };
		A68B89DB1B595F4E00ADC9FD /* MusicTests.swift */ = {isa = PBXFileReference; lastKnownFileType = sourcecode.swift; path = MusicTests.swift; sourceTree = "<group>"; };
/* End PBXFileReference section */

/* Begin PBXFrameworksBuildPhase section */
		A68B89BA1B595F4D00ADC9FD /* Frameworks */ = {
			isa = PBXFrameworksBuildPhase;
			buildActionMask = 2147483647;
			files = (
			);
			runOnlyForDeploymentPostprocessing = 0;
		};
		A68B89D21B595F4E00ADC9FD /* Frameworks */ = {
			isa = PBXFrameworksBuildPhase;
			buildActionMask = 2147483647;
			files = (
			);
			runOnlyForDeploymentPostprocessing = 0;
		};
/* End PBXFrameworksBuildPhase section */

/* Begin PBXGroup section */
		A68B89B41B595F4D00ADC9FD = {
			isa = PBXGroup;
			children = (
				A68B89BF1B595F4D00ADC9FD /* Music */,
				A68B89D81B595F4E00ADC9FD /* MusicTests */,
				A68B89BE1B595F4D00ADC9FD /* Products */,
			);
			sourceTree = "<group>";
		};
		A68B89BE1B595F4D00ADC9FD /* Products */ = {
			isa = PBXGroup;
			children = (
				A68B89BD1B595F4D00ADC9FD /* Music.app */,
				A68B89D51B595F4E00ADC9FD /* MusicTests.xctest */,
			);
			name = Products;
			sourceTree = "<group>";
		};
		A68B89BF1B595F4D00ADC9FD /* Music */ = {
			isa = PBXGroup;
			children = (
				A68B89C21B595F4D00ADC9FD /* AppDelegate.swift */,
				A68B89C71B595F4E00ADC9FD /* ViewController.swift */,
				A68B89C91B595F4E00ADC9FD /* Main.storyboard */,
				A68B89CC1B595F4E00ADC9FD /* Images.xcassets */,
				A68B89CE1B595F4E00ADC9FD /* LaunchScreen.xib */,
				A68B89C41B595F4E00ADC9FD /* Music.xcdatamodeld */,
				A68B89C01B595F4D00ADC9FD /* Supporting Files */,
			);
			path = Music;
			sourceTree = "<group>";
		};
		A68B89C01B595F4D00ADC9FD /* Supporting Files */ = {
			isa = PBXGroup;
			children = (
				A68B89C11B595F4D00ADC9FD /* Info.plist */,
			);
			name = "Supporting Files";
			sourceTree = "<group>";
		};
		A68B89D81B595F4E00ADC9FD /* MusicTests */ = {
			isa = PBXGroup;
			children = (
				A68B89DB1B595F4E00ADC9FD /* MusicTests.swift */,
				A68B89D91B595F4E00ADC9FD /* Supporting Files */,
			);
			path = MusicTests;
			sourceTree = "<group>";
		};
		A68B89D91B595F4E00ADC9FD /* Supporting Files */ = {
			isa = PBXGroup;
			children = (
				A68B89DA1B595F4E00ADC9FD /* Info.plist */,
			);
			name = "Supporting Files";
			sourceTree = "<group>";
		};
/* End PBXGroup section */

/* Begin PBXNativeTarget section */
		A68B89BC1B595F4D00ADC9FD /* Music */ = {
			isa = PBXNativeTarget;
			buildConfigurationList = A68B89DF1B595F4E00ADC9FD /* Build configuration list for PBXNativeTarget "Music" */;
			buildPhases = (
				A68B89B91B595F4D00ADC9FD /* Sources */,
				A68B89BA1B595F4D00ADC9FD /* Frameworks */,
				A68B89BB1B595F4D00ADC9FD /* Resources */,
			);
			buildRules = (
			);
			dependencies = (
			);
			name = Music;
			productName = Music;
			productReference = A68B89BD1B595F4D00ADC9FD /* Music.app */;
			productType = "com.apple.product-type.application";
		};
		A68B89D41B595F4E00ADC9FD /* MusicTests */ = {
			isa = PBXNativeTarget;
			buildConfigurationList = A68B89E21B595F4E00ADC9FD /* Build configuration list for PBXNativeTarget "MusicTests" */;
			buildPhases = (
				A68B89D11B595F4E00ADC9FD /* Sources */,
				A68B89D21B595F4E00ADC9FD /* Frameworks */,
				A68B89D31B595F4E00ADC9FD /* Resources */,
			);
			buildRules = (
			);
			dependencies = (
				A68B89D71B595F4E00ADC9FD /* PBXTargetDependency */,
			);
			name = MusicTests;
			productName = MusicTests;
			productReference = A68B89D51B595F4E00ADC9FD /* MusicTests.xctest */;
			productType = "com.apple.product-type.bundle.unit-test";
		};
/* End PBXNativeTarget section */

/* Begin PBXProject section */
		A68B89B51B595F4D00ADC9FD /* Project object */ = {
			isa = PBXProject;
			attributes = {
				LastUpgradeCheck = 0640;
				ORGANIZATIONNAME = "Alexsander Khitev";
				TargetAttributes = {
					A68B89BC1B595F4D00ADC9FD = {
						CreatedOnToolsVersion = 6.4;
					};
					A68B89D41B595F4E00ADC9FD = {
						CreatedOnToolsVersion = 6.4;
						TestTargetID = A68B89BC1B595F4D00ADC9FD;
					};
				};
			};
			buildConfigurationList = A68B89B81B595F4D00ADC9FD /* Build configuration list for PBXProject "Music" */;
			compatibilityVersion = "Xcode 3.2";
			developmentRegion = English;
			hasScannedForEncodings = 0;
			knownRegions = (
				en,
				Base,
			);
			mainGroup = A68B89B41B595F4D00ADC9FD;
			productRefGroup = A68B89BE1B595F4D00ADC9FD /* Products */;
			projectDirPath = "";
			projectRoot = "";
			targets = (
				A68B89BC1B595F4D00ADC9FD /* Music */,
				A68B89D41B595F4E00ADC9FD /* MusicTests */,
			);
		};
/* End PBXProject section */

/* Begin PBXResourcesBuildPhase section */
		A68B89BB1B595F4D00ADC9FD /* Resources */ = {
			isa = PBXResourcesBuildPhase;
			buildActionMask = 2147483647;
			files = (
				A68B89CB1B595F4E00ADC9FD /* Main.storyboard in Resources */,
				A68B89D01B595F4E00ADC9FD /* LaunchScreen.xib in Resources */,
				A68B89CD1B595F4E00ADC9FD /* Images.xcassets in Resources */,
			);
			runOnlyForDeploymentPostprocessing = 0;
		};
		A68B89D31B595F4E00ADC9FD /* Resources */ = {
			isa = PBXResourcesBuildPhase;
			buildActionMask = 2147483647;
			files = (
			);
			runOnlyForDeploymentPostprocessing = 0;
		};
/* End PBXResourcesBuildPhase section */

/* Begin PBXSourcesBuildPhase section */
		A68B89B91B595F4D00ADC9FD /* Sources */ = {
			isa = PBXSourcesBuildPhase;
			buildActionMask = 2147483647;
			files = (
				A68B89C81B595F4E00ADC9FD /* ViewController.swift in Sources */,
				A68B89C31B595F4D00ADC9FD /* AppDelegate.swift in Sources */,
				A68B89C61B595F4E00ADC9FD /* Music.xcdatamodeld in Sources */,
			);
			runOnlyForDeploymentPostprocessing = 0;
		};
		A68B89D11B595F4E00ADC9FD /* Sources */ = {
			isa = PBXSourcesBuildPhase;
			buildActionMask = 2147483647;
			files = (
				A68B89DC1B595F4E00ADC9FD /* MusicTests.swift in Sources */,
			);
			runOnlyForDeploymentPostprocessing = 0;
		};
/* End PBXSourcesBuildPhase section */

/* Begin PBXTargetDependency section */
		A68B89D71B595F4E00ADC9FD /* PBXTargetDependency */ = {
			isa = PBXTargetDependency;
			target = A68B89BC1B595F4D00ADC9FD /* Music */;
			targetProxy = A68B89D61B595F4E00ADC9FD /* PBXContainerItemProxy */;
		};
/* End PBXTargetDependency section */

/* Begin PBXVariantGroup section */
		A68B89C91B595F4E00ADC9FD /* Main.storyboard */ = {
			isa = PBXVariantGroup;
			children = (
				A68B89CA1B595F4E00ADC9FD /* Base */,
			);
			name = Main.storyboard;
			sourceTree = "<group>";
		};
		A68B89CE1B595F4E00ADC9FD /* LaunchScreen.xib */ = {
			isa = PBXVariantGroup;
			children = (
				A68B89CF1B595F4E00ADC9FD /* Base */,
			);
			name = LaunchScreen.xib;
			sourceTree = "<group>";
		};
/* End PBXVariantGroup section */

/* Begin XCBuildConfiguration section */
		A68B89DD1B595F4E00ADC9FD /* Debug */ = {
			isa = XCBuildConfiguration;
			buildSettings = {
				ALWAYS_SEARCH_USER_PATHS = NO;
				CLANG_CXX_LANGUAGE_STANDARD = "gnu++0x";
				CLANG_CXX_LIBRARY = "libc++";
				CLANG_ENABLE_MODULES = YES;
				CLANG_ENABLE_OBJC_ARC = YES;
				CLANG_WARN_BOOL_CONVERSION = YES;
				CLANG_WARN_CONSTANT_CONVERSION = YES;
				CLANG_WARN_DIRECT_OBJC_ISA_USAGE = YES_ERROR;
				CLANG_WARN_EMPTY_BODY = YES;
				CLANG_WARN_ENUM_CONVERSION = YES;
				CLANG_WARN_INT_CONVERSION = YES;
				CLANG_WARN_OBJC_ROOT_CLASS = YES_ERROR;
				CLANG_WARN_UNREACHABLE_CODE = YES;
				CLANG_WARN__DUPLICATE_METHOD_MATCH = YES;
				"CODE_SIGN_IDENTITY[sdk=iphoneos*]" = "iPhone Developer";
				COPY_PHASE_STRIP = NO;
				DEBUG_INFORMATION_FORMAT = "dwarf-with-dsym";
				ENABLE_STRICT_OBJC_MSGSEND = YES;
				GCC_C_LANGUAGE_STANDARD = gnu99;
				GCC_DYNAMIC_NO_PIC = NO;
				GCC_NO_COMMON_BLOCKS = YES;
				GCC_OPTIMIZATION_LEVEL = 0;
				GCC_PREPROCESSOR_DEFINITIONS = (
					"DEBUG=1",
					"$(inherited)",
				);
				GCC_SYMBOLS_PRIVATE_EXTERN = NO;
				GCC_WARN_64_TO_32_BIT_CONVERSION = YES;
				GCC_WARN_ABOUT_RETURN_TYPE = YES_ERROR;
				GCC_WARN_UNDECLARED_SELECTOR = YES;
				GCC_WARN_UNINITIALIZED_AUTOS = YES_AGGRESSIVE;
				GCC_WARN_UNUSED_FUNCTION = YES;
				GCC_WARN_UNUSED_VARIABLE = YES;
				IPHONEOS_DEPLOYMENT_TARGET = 8.4;
				MTL_ENABLE_DEBUG_INFO = YES;
				ONLY_ACTIVE_ARCH = YES;
				SDKROOT = iphoneos;
				SWIFT_OPTIMIZATION_LEVEL = "-Onone";
				TARGETED_DEVICE_FAMILY = "1,2";
			};
			name = Debug;
		};
		A68B89DE1B595F4E00ADC9FD /* Release */ = {
			isa = XCBuildConfiguration;
			buildSettings = {
				ALWAYS_SEARCH_USER_PATHS = NO;
				CLANG_CXX_LANGUAGE_STANDARD = "gnu++0x";
				CLANG_CXX_LIBRARY = "libc++";
				CLANG_ENABLE_MODULES = YES;
				CLANG_ENABLE_OBJC_ARC = YES;
				CLANG_WARN_BOOL_CONVERSION = YES;
				CLANG_WARN_CONSTANT_CONVERSION = YES;
				CLANG_WARN_DIRECT_OBJC_ISA_USAGE = YES_ERROR;
				CLANG_WARN_EMPTY_BODY = YES;
				CLANG_WARN_ENUM_CONVERSION = YES;
				CLANG_WARN_INT_CONVERSION = YES;
				CLANG_WARN_OBJC_ROOT_CLASS = YES_ERROR;
				CLANG_WARN_UNREACHABLE_CODE = YES;
				CLANG_WARN__DUPLICATE_METHOD_MATCH = YES;
				"CODE_SIGN_IDENTITY[sdk=iphoneos*]" = "iPhone Developer";
				COPY_PHASE_STRIP = NO;
				DEBUG_INFORMATION_FORMAT = "dwarf-with-dsym";
				ENABLE_NS_ASSERTIONS = NO;
				ENABLE_STRICT_OBJC_MSGSEND = YES;
				GCC_C_LANGUAGE_STANDARD = gnu99;
				GCC_NO_COMMON_BLOCKS = YES;
				GCC_WARN_64_TO_32_BIT_CONVERSION = YES;
				GCC_WARN_ABOUT_RETURN_TYPE = YES_ERROR;
				GCC_WARN_UNDECLARED_SELECTOR = YES;
				GCC_WARN_UNINITIALIZED_AUTOS = YES_AGGRESSIVE;
				GCC_WARN_UNUSED_FUNCTION = YES;
				GCC_WARN_UNUSED_VARIABLE = YES;
				IPHONEOS_DEPLOYMENT_TARGET = 8.4;
				MTL_ENABLE_DEBUG_INFO = NO;
				SDKROOT = iphoneos;
				TARGETED_DEVICE_FAMILY = "1,2";
				VALIDATE_PRODUCT = YES;
			};
			name = Release;
		};
		A68B89E01B595F4E00ADC9FD /* Debug */ = {
			isa = XCBuildConfiguration;
			buildSettings = {
				ASSETCATALOG_COMPILER_APPICON_NAME = AppIcon;
				INFOPLIST_FILE = Music/Info.plist;
				LD_RUNPATH_SEARCH_PATHS = "$(inherited) @executable_path/Frameworks";
				PRODUCT_NAME = "$(TARGET_NAME)";
			};
			name = Debug;
		};
		A68B89E11B595F4E00ADC9FD /* Release */ = {
			isa = XCBuildConfiguration;
			buildSettings = {
				ASSETCATALOG_COMPILER_APPICON_NAME = AppIcon;
				INFOPLIST_FILE = Music/Info.plist;
				LD_RUNPATH_SEARCH_PATHS = "$(inherited) @executable_path/Frameworks";
				PRODUCT_NAME = "$(TARGET_NAME)";
			};
			name = Release;
		};
		A68B89E31B595F4E00ADC9FD /* Debug */ = {
			isa = XCBuildConfiguration;
			buildSettings = {
				BUNDLE_LOADER = "$(TEST_HOST)";
				FRAMEWORK_SEARCH_PATHS = (
					"$(SDKROOT)/Developer/Library/Frameworks",
					"$(inherited)",
				);
				GCC_PREPROCESSOR_DEFINITIONS = (
					"DEBUG=1",
					"$(inherited)",
				);
				INFOPLIST_FILE = MusicTests/Info.plist;
				LD_RUNPATH_SEARCH_PATHS = "$(inherited) @executable_path/Frameworks @loader_path/Frameworks";
				PRODUCT_NAME = "$(TARGET_NAME)";
				TEST_HOST = "$(BUILT_PRODUCTS_DIR)/Music.app/Music";
			};
			name = Debug;
		};
		A68B89E41B595F4E00ADC9FD /* Release */ = {
			isa = XCBuildConfiguration;
			buildSettings = {
				BUNDLE_LOADER = "$(TEST_HOST)";
				FRAMEWORK_SEARCH_PATHS = (
					"$(SDKROOT)/Developer/Library/Frameworks",
					"$(inherited)",
				);
				INFOPLIST_FILE = MusicTests/Info.plist;
				LD_RUNPATH_SEARCH_PATHS = "$(inherited) @executable_path/Frameworks @loader_path/Frameworks";
				PRODUCT_NAME = "$(TARGET_NAME)";
				TEST_HOST = "$(BUILT_PRODUCTS_DIR)/Music.app/Music";
			};
			name = Release;
		};
/* End XCBuildConfiguration section */

/* Begin XCConfigurationList section */
		A68B89B81B595F4D00ADC9FD /* Build configuration list for PBXProject "Music" */ = {
			isa = XCConfigurationList;
			buildConfigurations = (
				A68B89DD1B595F4E00ADC9FD /* Debug */,
				A68B89DE1B595F4E00ADC9FD /* Release */,
			);
			defaultConfigurationIsVisible = 0;
			defaultConfigurationName = Release;
		};
		A68B89DF1B595F4E00ADC9FD /* Build configuration list for PBXNativeTarget "Music" */ = {
			isa = XCConfigurationList;
			buildConfigurations = (
				A68B89E01B595F4E00ADC9FD /* Debug */,
				A68B89E11B595F4E00ADC9FD /* Release */,
			);
			defaultConfigurationIsVisible = 0;
		};
		A68B89E21B595F4E00ADC9FD /* Build configuration list for PBXNativeTarget "MusicTests" */ = {
			isa = XCConfigurationList;
			buildConfigurations = (
				A68B89E31B595F4E00ADC9FD /* Debug */,
				A68B89E41B595F4E00ADC9FD /* Release */,
			);
			defaultConfigurationIsVisible = 0;
		};
/* End XCConfigurationList section */

/* Begin XCVersionGroup section */
		A68B89C41B595F4E00ADC9FD /* Music.xcdatamodeld */ = {
			isa = XCVersionGroup;
			children = (
				A68B89C51B595F4E00ADC9FD /* Music.xcdatamodel */,
			);
			currentVersion = A68B89C51B595F4E00ADC9FD /* Music.xcdatamodel */;
			path = Music.xcdatamodeld;
			sourceTree = "<group>";
			versionGroupType = wrapper.xcdatamodel;
		};
/* End XCVersionGroup section */
	};
	rootObject = A68B89B51B595F4D00ADC9FD /* Project object */;
}
